
Microsoft Visual Studio Solution File, Format Version 12.00
# Visual Studio 15
VisualStudioVersion = 15.0.28307.1321
MinimumVisualStudioVersion = 10.0.40219.1
Project("{FAE04EC0-301F-11D3-BF4B-00C04F79EFBC}") = "Comaprison_vs_distribution_sort", "Comaprison_vs_distribution_sort\Comaprison_vs_distribution_sort.csproj", "{8D93EC68-EBC6-4ECE-A464-82558C4F18B9}"
EndProject
Global
	GlobalSection(SolutionConfigurationPlatforms) = preSolution
		Debug|Any CPU = Debug|Any CPU
		Release|Any CPU = Release|Any CPU
	EndGlobalSection
	GlobalSection(ProjectConfigurationPlatforms) = postSolution
		{8D93EC68-EBC6-4ECE-A464-82558C4F18B9}.Debug|Any CPU.ActiveCfg = Debug|Any CPU
		{8D93EC68-EBC6-4ECE-A464-82558C4F18B9}.Debug|Any CPU.Build.0 = Debug|Any CPU
		{8D93EC68-EBC6-4ECE-A464-82558C4F18B9}.Release|Any CPU.ActiveCfg = Release|Any CPU
		{8D93EC68-EBC6-4ECE-A464-82558C4F18B9}.Release|Any CPU.Build.0 = Release|Any CPU
	EndGlobalSection
	GlobalSection(SolutionProperties) = preSolution
		HideSolutionNode = FALSE
	EndGlobalSection
	GlobalSection(ExtensibilityGlobals) = postSolution
		SolutionGuid = {945C4A2C-169C-4081-B1DB-8F337001D418}
	EndGlobalSection
EndGlobal
